
Microsoft Visual Studio Solution File, Format Version 12.00
# Visual Studio 15
VisualStudioVersion = 15.0.27703.2018
MinimumVisualStudioVersion = 10.0.40219.1
Project("{9A19103F-16F7-4668-BE54-9A1E7A4F7556}") = "DebtManager.Web", "DebtManager.Web\DebtManager.Web.csproj", "{A53DA733-994E-4689-B21C-64067E1133BB}"
EndProject
Project("{2150E333-8FDC-42A3-9474-1A3956D46DE8}") = "src", "src", "{BC8022F1-75C0-4484-9870-9E2E6537CD4C}"
EndProject
Project("{9A19103F-16F7-4668-BE54-9A1E7A4F7556}") = "DebtManager.Core", "DebtManager.Core\DebtManager.Core.csproj", "{EDD2C54D-1446-45B0-A2BF-AE332001353D}"
EndProject
Project("{9A19103F-16F7-4668-BE54-9A1E7A4F7556}") = "DebtManager.Infrastructure", "DebtManager.Infrastructure\DebtManager.Infrastructure.csproj", "{36997897-6F24-48CF-8DC0-9B8827D97B5B}"
EndProject
Project("{2150E333-8FDC-42A3-9474-1A3956D46DE8}") = "tests", "tests", "{15632BF3-47EC-4CFB-8DEC-67A3BBDAEFF7}"
EndProject
Project("{FAE04EC0-301F-11D3-BF4B-00C04F79EFBC}") = "DebtManager.UnitTests", "DebtManager.UnitTests\DebtManager.UnitTests.csproj", "{E0FC00D4-CA6F-4104-B44C-AD9DFA878FD2}"
EndProject
Global
	GlobalSection(SolutionConfigurationPlatforms) = preSolution
		Debug|Any CPU = Debug|Any CPU
		Release|Any CPU = Release|Any CPU
	EndGlobalSection
	GlobalSection(ProjectConfigurationPlatforms) = postSolution
		{A53DA733-994E-4689-B21C-64067E1133BB}.Debug|Any CPU.ActiveCfg = Debug|Any CPU
		{A53DA733-994E-4689-B21C-64067E1133BB}.Debug|Any CPU.Build.0 = Debug|Any CPU
		{A53DA733-994E-4689-B21C-64067E1133BB}.Release|Any CPU.ActiveCfg = Release|Any CPU
		{A53DA733-994E-4689-B21C-64067E1133BB}.Release|Any CPU.Build.0 = Release|Any CPU
		{EDD2C54D-1446-45B0-A2BF-AE332001353D}.Debug|Any CPU.ActiveCfg = Debug|Any CPU
		{EDD2C54D-1446-45B0-A2BF-AE332001353D}.Debug|Any CPU.Build.0 = Debug|Any CPU
		{EDD2C54D-1446-45B0-A2BF-AE332001353D}.Release|Any CPU.ActiveCfg = Release|Any CPU
		{EDD2C54D-1446-45B0-A2BF-AE332001353D}.Release|Any CPU.Build.0 = Release|Any CPU
		{36997897-6F24-48CF-8DC0-9B8827D97B5B}.Debug|Any CPU.ActiveCfg = Debug|Any CPU
		{36997897-6F24-48CF-8DC0-9B8827D97B5B}.Debug|Any CPU.Build.0 = Debug|Any CPU
		{36997897-6F24-48CF-8DC0-9B8827D97B5B}.Release|Any CPU.ActiveCfg = Release|Any CPU
		{36997897-6F24-48CF-8DC0-9B8827D97B5B}.Release|Any CPU.Build.0 = Release|Any CPU
		{E0FC00D4-CA6F-4104-B44C-AD9DFA878FD2}.Debug|Any CPU.ActiveCfg = Debug|Any CPU
		{E0FC00D4-CA6F-4104-B44C-AD9DFA878FD2}.Debug|Any CPU.Build.0 = Debug|Any CPU
		{E0FC00D4-CA6F-4104-B44C-AD9DFA878FD2}.Release|Any CPU.ActiveCfg = Release|Any CPU
		{E0FC00D4-CA6F-4104-B44C-AD9DFA878FD2}.Release|Any CPU.Build.0 = Release|Any CPU
	EndGlobalSection
	GlobalSection(SolutionProperties) = preSolution
		HideSolutionNode = FALSE
	EndGlobalSection
	GlobalSection(NestedProjects) = preSolution
		{A53DA733-994E-4689-B21C-64067E1133BB} = {BC8022F1-75C0-4484-9870-9E2E6537CD4C}
		{EDD2C54D-1446-45B0-A2BF-AE332001353D} = {BC8022F1-75C0-4484-9870-9E2E6537CD4C}
		{36997897-6F24-48CF-8DC0-9B8827D97B5B} = {BC8022F1-75C0-4484-9870-9E2E6537CD4C}
		{E0FC00D4-CA6F-4104-B44C-AD9DFA878FD2} = {15632BF3-47EC-4CFB-8DEC-67A3BBDAEFF7}
	EndGlobalSection
	GlobalSection(ExtensibilityGlobals) = postSolution
		SolutionGuid = {8D46B46C-217F-45D6-8364-8BCBFAB370A3}
	EndGlobalSection
EndGlobal
